
Microsoft Visual Studio Solution File, Format Version 12.00
# Visual Studio Version 16
VisualStudioVersion = 16.0.32510.428
MinimumVisualStudioVersion = 10.0.40219.1
Project("{888888A0-9F3D-457C-B088-3A5042F75D52}") = "YBS-Proje", "YBS-Proje.pyproj", "{EB0AD949-ED02-47D4-BCC9-9022846E51F5}"
EndProject
Global
	GlobalSection(SolutionConfigurationPlatforms) = preSolution
		Debug|Any CPU = Debug|Any CPU
		Release|Any CPU = Release|Any CPU
	EndGlobalSection
	GlobalSection(ProjectConfigurationPlatforms) = postSolution
		{EB0AD949-ED02-47D4-BCC9-9022846E51F5}.Debug|Any CPU.ActiveCfg = Debug|Any CPU
		{EB0AD949-ED02-47D4-BCC9-9022846E51F5}.Release|Any CPU.ActiveCfg = Release|Any CPU
	EndGlobalSection
	GlobalSection(SolutionProperties) = preSolution
		HideSolutionNode = FALSE
	EndGlobalSection
	GlobalSection(ExtensibilityGlobals) = postSolution
		SolutionGuid = {4D074321-38E6-4E45-8161-5C20DB820359}
	EndGlobalSection
EndGlobal
